<Solution>
  <Folder Name="/Solution Items/">
    <File Path=".editorconfig" />
    <File Path=".gitattributes" />
    <File Path=".gitignore" />
    <File Path=".projects" />
    <File Path="Directory.Build.props" />
    <File Path="icon.png" />
    <File Path="LICENSE" />
    <File Path="README.md" />
  </Folder>
  <Project Path="Albatross.Math.Test/Albatross.Math.Test.csproj" />
  <Project Path="Albatross.Math/Albatross.Math.csproj" />
</Solution>
